
Microsoft Visual Studio Solution File, Format Version 12.00
# Visual Studio Version 17
VisualStudioVersion = 17.5.33414.496
MinimumVisualStudioVersion = 10.0.40219.1
Project("{9A19103F-16F7-4668-BE54-9A1E7A4F7556}") = "Anagram", "ConsoleApp1\Anagram.csproj", "{0566184E-DB45-489A-9926-D07D4302385B}"
EndProject
Project("{9A19103F-16F7-4668-BE54-9A1E7A4F7556}") = "sanchizes", "ConsoleApp2\sanchizes.csproj", "{5CA861DE-1885-4C75-8213-1EB87EB65C2A}"
EndProject
Project("{FAE04EC0-301F-11D3-BF4B-00C04F79EFBC}") = "TestProject2", "TestProject2\TestProject2.csproj", "{DAC8A18F-5BE1-4E08-BD55-E01773C5FB66}"
EndProject
Global
	GlobalSection(SolutionConfigurationPlatforms) = preSolution
		Debug|Any CPU = Debug|Any CPU
		Release|Any CPU = Release|Any CPU
	EndGlobalSection
	GlobalSection(ProjectConfigurationPlatforms) = postSolution
		{0566184E-DB45-489A-9926-D07D4302385B}.Debug|Any CPU.ActiveCfg = Debug|Any CPU
		{0566184E-DB45-489A-9926-D07D4302385B}.Debug|Any CPU.Build.0 = Debug|Any CPU
		{0566184E-DB45-489A-9926-D07D4302385B}.Release|Any CPU.ActiveCfg = Release|Any CPU
		{0566184E-DB45-489A-9926-D07D4302385B}.Release|Any CPU.Build.0 = Release|Any CPU
		{5CA861DE-1885-4C75-8213-1EB87EB65C2A}.Debug|Any CPU.ActiveCfg = Debug|Any CPU
		{5CA861DE-1885-4C75-8213-1EB87EB65C2A}.Debug|Any CPU.Build.0 = Debug|Any CPU
		{5CA861DE-1885-4C75-8213-1EB87EB65C2A}.Release|Any CPU.ActiveCfg = Release|Any CPU
		{5CA861DE-1885-4C75-8213-1EB87EB65C2A}.Release|Any CPU.Build.0 = Release|Any CPU
		{DAC8A18F-5BE1-4E08-BD55-E01773C5FB66}.Debug|Any CPU.ActiveCfg = Debug|Any CPU
		{DAC8A18F-5BE1-4E08-BD55-E01773C5FB66}.Debug|Any CPU.Build.0 = Debug|Any CPU
		{DAC8A18F-5BE1-4E08-BD55-E01773C5FB66}.Release|Any CPU.ActiveCfg = Release|Any CPU
		{DAC8A18F-5BE1-4E08-BD55-E01773C5FB66}.Release|Any CPU.Build.0 = Release|Any CPU
	EndGlobalSection
	GlobalSection(SolutionProperties) = preSolution
		HideSolutionNode = FALSE
	EndGlobalSection
	GlobalSection(ExtensibilityGlobals) = postSolution
		SolutionGuid = {F2D46F76-C79C-4B63-88E7-2C75FD8CFF52}
	EndGlobalSection
EndGlobal
